{
  "requires": true,
  "lockfileVersion": 1,
  "dependencies": {
    "@heroku/socksv5": {
      "version": "0.0.9",
      "resolved": "https://registry.npm.taobao.org/@heroku/socksv5/download/@heroku/socksv5-0.0.9.tgz",
      "integrity": "sha1-ejkFkhE2smZpeaD4a7TwYvZX95M=",
      "requires": {
        "ip-address": "^5.8.8"
      }
    },
    "arg": {
      "version": "4.1.3",
      "resolved": "https://registry.npm.taobao.org/arg/download/arg-4.1.3.tgz",
      "integrity": "sha1-Jp/HrVuOQstjyJbVZmAXJhwUQIk=",
      "dev": true
    },
    "asn1": {
      "version": "0.2.4",
      "resolved": "https://registry.npm.taobao.org/asn1/download/asn1-0.2.4.tgz",
      "integrity": "sha1-jSR136tVO7M+d7VOWeiAu4ziMTY=",
      "requires": {
        "safer-buffer": "~2.1.0"
      }
    },
    "bcrypt-pbkdf": {
      "version": "1.0.2",
      "resolved": "https://registry.npm.taobao.org/bcrypt-pbkdf/download/bcrypt-pbkdf-1.0.2.tgz?cache=0&sync_timestamp=1589682746075&other_urls=https%3A%2F%2Fregistry.npm.taobao.org%2Fbcrypt-pbkdf%2Fdownload%2Fbcrypt-pbkdf-1.0.2.tgz",
      "integrity": "sha1-pDAdOJtqQ/m2f/PKEaP2Y342Dp4=",
      "requires": {
        "tweetnacl": "^0.14.3"
      }
    },
    "buffer-from": {
      "version": "1.1.1",
      "resolved": "https://registry.npm.taobao.org/buffer-from/download/buffer-from-1.1.1.tgz",
      "integrity": "sha1-MnE7wCj3XAL9txDXx7zsHyxgcO8=",
      "dev": true
    },
    "diff": {
      "version": "4.0.2",
      "resolved": "https://registry.npm.taobao.org/diff/download/diff-4.0.2.tgz",
      "integrity": "sha1-YPOuy4nV+uUgwRqhnvwruYKq3n0=",
      "dev": true
    },
    "ip-address": {
      "version": "5.9.4",
      "resolved": "https://registry.npm.taobao.org/ip-address/download/ip-address-5.9.4.tgz",
      "integrity": "sha1-RmCsJhrWG9OXqGCgB/fpjk6u44Y=",
      "requires": {
        "jsbn": "1.1.0",
        "lodash": "^4.17.15",
        "sprintf-js": "1.1.2"
      }
    },
    "jsbn": {
      "version": "1.1.0",
      "resolved": "https://registry.npm.taobao.org/jsbn/download/jsbn-1.1.0.tgz?cache=0&sync_timestamp=1589682745609&other_urls=https%3A%2F%2Fregistry.npm.taobao.org%2Fjsbn%2Fdownload%2Fjsbn-1.1.0.tgz",
      "integrity": "sha1-sBMHyym2GKHtJux56RH4A8TaAEA="
    },
    "lodash": {
      "version": "4.17.20",
      "resolved": "https://registry.npm.taobao.org/lodash/download/lodash-4.17.20.tgz?cache=0&sync_timestamp=1597335994883&other_urls=https%3A%2F%2Fregistry.npm.taobao.org%2Flodash%2Fdownload%2Flodash-4.17.20.tgz",
      "integrity": "sha1-tEqbYpe8tpjxxRo1RaKzs2jVnFI="
    },
    "make-error": {
      "version": "1.3.6",
      "resolved": "https://registry.npm.taobao.org/make-error/download/make-error-1.3.6.tgz",
      "integrity": "sha1-LrLjfqm2fEiR9oShOUeZr0hM96I=",
      "dev": true
    },
    "safer-buffer": {
      "version": "2.1.2",
      "resolved": "https://registry.npm.taobao.org/safer-buffer/download/safer-buffer-2.1.2.tgz?cache=0&sync_timestamp=1589682784154&other_urls=https%3A%2F%2Fregistry.npm.taobao.org%2Fsafer-buffer%2Fdownload%2Fsafer-buffer-2.1.2.tgz",
      "integrity": "sha1-RPoWGwGHuVSd2Eu5GAL5vYOFzWo="
    },
    "source-map": {
      "version": "0.6.1",
      "resolved": "https://registry.npm.taobao.org/source-map/download/source-map-0.6.1.tgz?cache=0&sync_timestamp=1589682764497&other_urls=https%3A%2F%2Fregistry.npm.taobao.org%2Fsource-map%2Fdownload%2Fsource-map-0.6.1.tgz",
      "integrity": "sha1-dHIq8y6WFOnCh6jQu95IteLxomM=",
      "dev": true
    },
    "source-map-support": {
      "version": "0.5.19",
      "resolved": "https://registry.npm.taobao.org/source-map-support/download/source-map-support-0.5.19.tgz?cache=0&sync_timestamp=1589682814927&other_urls=https%3A%2F%2Fregistry.npm.taobao.org%2Fsource-map-support%2Fdownload%2Fsource-map-support-0.5.19.tgz",
      "integrity": "sha1-qYti+G3K9PZzmWSMCFKRq56P7WE=",
      "dev": true,
      "requires": {
        "buffer-from": "^1.0.0",
        "source-map": "^0.6.0"
      }
    },
    "sprintf-js": {
      "version": "1.1.2",
      "resolved": "https://registry.npm.taobao.org/sprintf-js/download/sprintf-js-1.1.2.tgz",
      "integrity": "sha1-2hdlJiv4wPVxdJ8q1sJjACB65nM="
    },
    "ssh2": {
      "version": "0.8.9",
      "resolved": "https://registry.npm.taobao.org/ssh2/download/ssh2-0.8.9.tgz",
      "integrity": "sha1-VNo6bEuj2vDYR3pTikgTJgkYFfM=",
      "requires": {
        "ssh2-streams": "~0.4.10"
      }
    },
    "ssh2-promise": {
      "version": "0.1.7",
      "resolved": "https://registry.npm.taobao.org/ssh2-promise/download/ssh2-promise-0.1.7.tgz",
      "integrity": "sha1-tac4cKaDquHVlqddEsSEhnFPl6A=",
      "requires": {
        "@heroku/socksv5": "^0.0.9",
        "ssh2": "^0.8.9"
      }
    },
    "ssh2-streams": {
      "version": "0.4.10",
      "resolved": "https://registry.npm.taobao.org/ssh2-streams/download/ssh2-streams-0.4.10.tgz",
      "integrity": "sha1-SO9+ig452PKSHDBSHVbayzHSOjQ=",
      "requires": {
        "asn1": "~0.2.0",
        "bcrypt-pbkdf": "^1.0.2",
        "streamsearch": "~0.1.2"
      }
    },
    "streamsearch": {
      "version": "0.1.2",
      "resolved": "https://registry.npm.taobao.org/streamsearch/download/streamsearch-0.1.2.tgz",
      "integrity": "sha1-gIudDlb8Jz2Am6VzOOkpkZoanxo="
    },
    "ts-node": {
      "version": "9.0.0",
      "resolved": "https://registry.npm.taobao.org/ts-node/download/ts-node-9.0.0.tgz?cache=0&sync_timestamp=1598040497631&other_urls=https%3A%2F%2Fregistry.npm.taobao.org%2Fts-node%2Fdownload%2Fts-node-9.0.0.tgz",
      "integrity": "sha1-52mdKhEMyMDTuDFxXkF2iGg0YLM=",
      "dev": true,
      "requires": {
        "arg": "^4.1.0",
        "diff": "^4.0.1",
        "make-error": "^1.1.1",
        "source-map-support": "^0.5.17",
        "yn": "3.1.1"
      }
    },
    "tweetnacl": {
      "version": "0.14.5",
      "resolved": "https://registry.npm.taobao.org/tweetnacl/download/tweetnacl-0.14.5.tgz?cache=0&sync_timestamp=1589682745749&other_urls=https%3A%2F%2Fregistry.npm.taobao.org%2Ftweetnacl%2Fdownload%2Ftweetnacl-0.14.5.tgz",
      "integrity": "sha1-WuaBd/GS1EViadEIr6k/+HQ/T2Q="
    },
    "typescript": {
      "version": "4.0.3",
      "resolved": "https://registry.npm.taobao.org/typescript/download/typescript-4.0.3.tgz?cache=0&sync_timestamp=1600689195617&other_urls=https%3A%2F%2Fregistry.npm.taobao.org%2Ftypescript%2Fdownload%2Ftypescript-4.0.3.tgz",
      "integrity": "sha1-FTu9Ro7wdyXB35x36LRT+NNqu6U=",
      "dev": true
    },
    "yn": {
      "version": "3.1.1",
      "resolved": "https://registry.npm.taobao.org/yn/download/yn-3.1.1.tgz",
      "integrity": "sha1-HodAGgnXZ8HV6rJqbkwYUYLS61A=",
      "dev": true
    }
  }
}
