# THIS IS AN AUTOGENERATED FILE. DO NOT EDIT THIS FILE DIRECTLY.
# yarn lockfile v1


"@heroku/socksv5@^0.0.9":
  version "0.0.9"
  resolved "https://registry.npm.taobao.org/@heroku/socksv5/download/@heroku/socksv5-0.0.9.tgz#7a3905921136b2666979a0f86bb4f062f657f793"
  integrity sha1-ejkFkhE2smZpeaD4a7TwYvZX95M=
  dependencies:
    ip-address "^5.8.8"

asn1@~0.2.0:
  version "0.2.4"
  resolved "https://registry.npm.taobao.org/asn1/download/asn1-0.2.4.tgz#8d2475dfab553bb33e77b54e59e880bb8ce23136"
  integrity sha1-jSR136tVO7M+d7VOWeiAu4ziMTY=
  dependencies:
    safer-buffer "~2.1.0"

bcrypt-pbkdf@^1.0.2:
  version "1.0.2"
  resolved "https://registry.npm.taobao.org/bcrypt-pbkdf/download/bcrypt-pbkdf-1.0.2.tgz?cache=0&sync_timestamp=1589682746075&other_urls=https%3A%2F%2Fregistry.npm.taobao.org%2Fbcrypt-pbkdf%2Fdownload%2Fbcrypt-pbkdf-1.0.2.tgz#a4301d389b6a43f9b67ff3ca11a3f6637e360e9e"
  integrity sha1-pDAdOJtqQ/m2f/PKEaP2Y342Dp4=
  dependencies:
    tweetnacl "^0.14.3"

ip-address@^5.8.8:
  version "5.9.4"
  resolved "https://registry.npm.taobao.org/ip-address/download/ip-address-5.9.4.tgz#4660ac261ad61bd397a860a007f7e98e4eaee386"
  integrity sha1-RmCsJhrWG9OXqGCgB/fpjk6u44Y=
  dependencies:
    jsbn "1.1.0"
    lodash "^4.17.15"
    sprintf-js "1.1.2"

jsbn@1.1.0:
  version "1.1.0"
  resolved "https://registry.npm.taobao.org/jsbn/download/jsbn-1.1.0.tgz?cache=0&sync_timestamp=1589682745609&other_urls=https%3A%2F%2Fregistry.npm.taobao.org%2Fjsbn%2Fdownload%2Fjsbn-1.1.0.tgz#b01307cb29b618a1ed26ec79e911f803c4da0040"
  integrity sha1-sBMHyym2GKHtJux56RH4A8TaAEA=

lodash@^4.17.15:
  version "4.17.20"
  resolved "https://registry.npm.taobao.org/lodash/download/lodash-4.17.20.tgz?cache=0&sync_timestamp=1597335994883&other_urls=https%3A%2F%2Fregistry.npm.taobao.org%2Flodash%2Fdownload%2Flodash-4.17.20.tgz#b44a9b6297bcb698f1c51a3545a2b3b368d59c52"
  integrity sha1-tEqbYpe8tpjxxRo1RaKzs2jVnFI=

safer-buffer@~2.1.0:
  version "2.1.2"
  resolved "https://registry.npm.taobao.org/safer-buffer/download/safer-buffer-2.1.2.tgz?cache=0&sync_timestamp=1589682784154&other_urls=https%3A%2F%2Fregistry.npm.taobao.org%2Fsafer-buffer%2Fdownload%2Fsafer-buffer-2.1.2.tgz#44fa161b0187b9549dd84bb91802f9bd8385cd6a"
  integrity sha1-RPoWGwGHuVSd2Eu5GAL5vYOFzWo=

sprintf-js@1.1.2:
  version "1.1.2"
  resolved "https://registry.npm.taobao.org/sprintf-js/download/sprintf-js-1.1.2.tgz#da1765262bf8c0f571749f2ad6c26300207ae673"
  integrity sha1-2hdlJiv4wPVxdJ8q1sJjACB65nM=

ssh2-promise@^0.1.7:
  version "0.1.7"
  resolved "https://registry.npm.taobao.org/ssh2-promise/download/ssh2-promise-0.1.7.tgz#b5a73870a683aae1d596a75d12c48486714f97a0"
  integrity sha1-tac4cKaDquHVlqddEsSEhnFPl6A=
  dependencies:
    "@heroku/socksv5" "^0.0.9"
    ssh2 "^0.8.9"

ssh2-streams@~0.4.10:
  version "0.4.10"
  resolved "https://registry.npm.taobao.org/ssh2-streams/download/ssh2-streams-0.4.10.tgz#48ef7e8a0e39d8f2921c30521d56dacb31d23a34"
  integrity sha1-SO9+ig452PKSHDBSHVbayzHSOjQ=
  dependencies:
    asn1 "~0.2.0"
    bcrypt-pbkdf "^1.0.2"
    streamsearch "~0.1.2"

ssh2@^0.8.9:
  version "0.8.9"
  resolved "https://registry.npm.taobao.org/ssh2/download/ssh2-0.8.9.tgz#54da3a6c4ba3daf0d8477a538a481326091815f3"
  integrity sha1-VNo6bEuj2vDYR3pTikgTJgkYFfM=
  dependencies:
    ssh2-streams "~0.4.10"

streamsearch@~0.1.2:
  version "0.1.2"
  resolved "https://registry.npm.taobao.org/streamsearch/download/streamsearch-0.1.2.tgz#808b9d0e56fc273d809ba57338e929919a1a9f1a"
  integrity sha1-gIudDlb8Jz2Am6VzOOkpkZoanxo=

tweetnacl@^0.14.3:
  version "0.14.5"
  resolved "https://registry.npm.taobao.org/tweetnacl/download/tweetnacl-0.14.5.tgz?cache=0&sync_timestamp=1589682745749&other_urls=https%3A%2F%2Fregistry.npm.taobao.org%2Ftweetnacl%2Fdownload%2Ftweetnacl-0.14.5.tgz#5ae68177f192d4456269d108afa93ff8743f4f64"
  integrity sha1-WuaBd/GS1EViadEIr6k/+HQ/T2Q=
